# This file is automatically @generated by Poetry 1.8.4 and should not be changed by hand.

[[package]]
name = "perfection"
version = "2.0.1"
description = "Perfect hashing utilities for Python"
optional = false
python-versions = "*"
files = [
    {file = "perfection-2.0.1.tar.gz", hash = "sha256:d98e34034dbbb60027d0fb87a7d91cd0eaf5bc7e69804e9c505778195430cf7c"},
]

[metadata]
lock-version = "2.0"
python-versions = "^3.10"
content-hash = "2935f552435c9e5f1f8ec6d82a5fd44df50e837eff869e3c9c4023d8435ba8d3"
